# This is a Gradle generated file for dependency locking.
# Manual edits can break the build and are not advised.
# This file is expected to be part of source control.
aopalliance:aopalliance:1.0=compileClasspath,runtimeClasspath,testCompileClasspath,testRuntimeClasspath
ch.qos.logback:logback-classic:1.5.34=runtimeClasspath,testRuntimeClasspath
ch.qos.logback:logback-core:1.5.34=runtimeClasspath,testRuntimeClasspath
com.fasterxml.jackson.core:jackson-annotations:2.13.1=compileClasspath,runtimeClasspath,testCompileClasspath,testRuntimeClasspath
com.fasterxml.jackson.core:jackson-core:2.13.1=compileClasspath,runtimeClasspath,testCompileClasspath,testRuntimeClasspath
com.fasterxml.jackson.core:jackson-databind:2.13.1=compileClasspath,runtimeClasspath,testCompileClasspath,testRuntimeClasspath
com.fasterxml.jackson.dataformat:jackson-dataformat-yaml:2.13.1=runtimeClasspath,testRuntimeClasspath
com.fasterxml.jackson.datatype:jackson-datatype-guava:2.13.1=runtimeClasspath,testRuntimeClasspath
com.fasterxml.jackson.datatype:jackson-datatype-jdk8:2.13.1=runtimeClasspath,testRuntimeClasspath
com.fasterxml.jackson.datatype:jackson-datatype-jsr310:2.13.1=runtimeClasspath,testRuntimeClasspath
com.fasterxml.jackson:jackson-bom:2.13.1=compileClasspath,runtimeClasspath,testCompileClasspath,testRuntimeClasspath
com.github.ben-manes.caffeine:caffeine:2.9.3=compileClasspath,runtimeClasspath,testCompileClasspath,testRuntimeClasspath
com.github.javaparser:javaparser-core:3.23.0=codenarc
com.google.code.findbugs:jsr305:3.0.2=compileClasspath,runtimeClasspath,testCompileClasspath,testRuntimeClasspath
com.google.errorprone:error_prone_annotations:2.7.1=compileClasspath,runtimeClasspath,testCompileClasspath,testRuntimeClasspath
com.google.guava:failureaccess:1.0.1=compileClasspath,runtimeClasspath,testCompileClasspath,testRuntimeClasspath
com.google.guava:guava:31.0.1-jre=compileClasspath,runtimeClasspath,testCompileClasspath,testRuntimeClasspath
com.google.guava:listenablefuture:9999.0-empty-to-avoid-conflict-with-guava=compileClasspath,runtimeClasspath,testCompileClasspath,testRuntimeClasspath
com.google.inject:guice:5.1.0=compileClasspath,runtimeClasspath,testCompileClasspath,testRuntimeClasspath
com.google.j2objc:j2objc-annotations:1.3=compileClasspath,runtimeClasspath,testCompileClasspath,testRuntimeClasspath
com.h2database:h2:2.4.240=compileClasspath,runtimeClasspath,testCompileClasspath,testRuntimeClasspath
com.sun.activation:javax.activation:1.2.0=compileClasspath,runtimeClasspath,testCompileClasspath,testRuntimeClasspath
com.thoughtworks.qdox:qdox:1.12.1=codenarc
com.zaxxer:HikariCP:5.0.1=compileClasspath,runtimeClasspath,testCompileClasspath,testRuntimeClasspath
io.jsonwebtoken:jjwt-api:0.12.6=compileClasspath,runtimeClasspath,testCompileClasspath,testRuntimeClasspath
io.jsonwebtoken:jjwt-impl:0.12.6=runtimeClasspath,testRuntimeClasspath
io.jsonwebtoken:jjwt-jackson:0.12.6=runtimeClasspath,testRuntimeClasspath
io.netty:netty-buffer:4.1.73.Final=compileClasspath,runtimeClasspath,testCompileClasspath,testRuntimeClasspath
io.netty:netty-codec-dns:4.1.73.Final=compileClasspath,runtimeClasspath,testCompileClasspath,testRuntimeClasspath
io.netty:netty-codec-http:4.1.73.Final=compileClasspath,runtimeClasspath,testCompileClasspath,testRuntimeClasspath
io.netty:netty-codec-socks:4.1.73.Final=compileClasspath,runtimeClasspath,testCompileClasspath,testRuntimeClasspath
io.netty:netty-codec:4.1.73.Final=compileClasspath,runtimeClasspath,testCompileClasspath,testRuntimeClasspath
io.netty:netty-common:4.1.73.Final=compileClasspath,runtimeClasspath,testCompileClasspath,testRuntimeClasspath
io.netty:netty-handler-proxy:4.1.73.Final=compileClasspath,runtimeClasspath,testCompileClasspath,testRuntimeClasspath
io.netty:netty-handler:4.1.73.Final=compileClasspath,runtimeClasspath,testCompileClasspath,testRuntimeClasspath
io.netty:netty-resolver-dns-classes-macos:4.1.73.Final=runtimeClasspath,testRuntimeClasspath
io.netty:netty-resolver-dns-native-macos:4.1.73.Final=runtimeClasspath,testRuntimeClasspath
io.netty:netty-resolver-dns:4.1.73.Final=compileClasspath,runtimeClasspath,testCompileClasspath,testRuntimeClasspath
io.netty:netty-resolver:4.1.73.Final=compileClasspath,runtimeClasspath,testCompileClasspath,testRuntimeClasspath
io.netty:netty-tcnative-classes:2.0.48.Final=compileClasspath,runtimeClasspath,testCompileClasspath,testRuntimeClasspath
io.netty:netty-tcnative:2.0.48.Final=compileClasspath,runtimeClasspath,testCompileClasspath,testRuntimeClasspath
io.netty:netty-transport-classes-epoll:4.1.73.Final=compileClasspath,runtimeClasspath,testCompileClasspath,testRuntimeClasspath
io.netty:netty-transport-native-epoll:4.1.73.Final=compileClasspath,runtimeClasspath,testCompileClasspath,testRuntimeClasspath
io.netty:netty-transport-native-unix-common:4.1.73.Final=compileClasspath,runtimeClasspath,testCompileClasspath,testRuntimeClasspath
io.netty:netty-transport:4.1.73.Final=compileClasspath,runtimeClasspath,testCompileClasspath,testRuntimeClasspath
io.r2dbc:r2dbc-spi:1.0.0.RELEASE=compileClasspath,jooqGenerator,runtimeClasspath,testCompileClasspath,testRuntimeClasspath
io.ratpack:ratpack-config:2.0.0-rc-1=compileClasspath,runtimeClasspath,testCompileClasspath,testRuntimeClasspath
io.ratpack:ratpack-core:2.0.0-rc-1=compileClasspath,runtimeClasspath,testCompileClasspath,testRuntimeClasspath
io.ratpack:ratpack-exec:2.0.0-rc-1=compileClasspath,runtimeClasspath,testCompileClasspath,testRuntimeClasspath
io.ratpack:ratpack-func:2.0.0-rc-1=compileClasspath,runtimeClasspath,testCompileClasspath,testRuntimeClasspath
io.ratpack:ratpack-groovy-test:2.0.0-rc-1=testCompileClasspath,testRuntimeClasspath
io.ratpack:ratpack-groovy:2.0.0-rc-1=compileClasspath,runtimeClasspath,testCompileClasspath,testRuntimeClasspath
io.ratpack:ratpack-guice:2.0.0-rc-1=compileClasspath,runtimeClasspath,testCompileClasspath,testRuntimeClasspath
io.ratpack:ratpack-h2:2.0.0-rc-1=compileClasspath,runtimeClasspath,testCompileClasspath,testRuntimeClasspath
io.ratpack:ratpack-hikari:2.0.0-rc-1=compileClasspath,runtimeClasspath,testCompileClasspath,testRuntimeClasspath
io.ratpack:ratpack-test:2.0.0-rc-1=testCompileClasspath,testRuntimeClasspath
jakarta.activation:jakarta.activation-api:2.1.3=jooqGenerator
jakarta.xml.bind:jakarta.xml.bind-api:4.0.2=jooqGenerator
javax.inject:javax.inject:1=compileClasspath,runtimeClasspath,testCompileClasspath,testRuntimeClasspath
net.bytebuddy:byte-buddy:1.18.10=testCompileClasspath,testRuntimeClasspath
org.apache.ant:ant-antlr:1.10.11=codenarc
org.apache.ant:ant-junit:1.10.11=codenarc
org.apiguardian:apiguardian-api:1.1.2=testCompileClasspath
org.checkerframework:checker-qual:3.19.0=compileClasspath,runtimeClasspath,testCompileClasspath,testRuntimeClasspath
org.codehaus.groovy:groovy-ant:3.0.9=codenarc
org.codehaus.groovy:groovy-docgenerator:3.0.9=codenarc
org.codehaus.groovy:groovy-groovydoc:3.0.9=codenarc
org.codehaus.groovy:groovy-json:3.0.25=compileClasspath,runtimeClasspath,testCompileClasspath,testRuntimeClasspath
org.codehaus.groovy:groovy-json:3.0.9=codenarc
org.codehaus.groovy:groovy-sql:3.0.25=compileClasspath,runtimeClasspath,testCompileClasspath,testRuntimeClasspath
org.codehaus.groovy:groovy-templates:3.0.25=compileClasspath,runtimeClasspath,testCompileClasspath,testRuntimeClasspath
org.codehaus.groovy:groovy-templates:3.0.9=codenarc
org.codehaus.groovy:groovy-xml:3.0.25=compileClasspath,runtimeClasspath,testCompileClasspath,testRuntimeClasspath
org.codehaus.groovy:groovy-xml:3.0.9=codenarc
org.codehaus.groovy:groovy:3.0.25=compileClasspath,runtimeClasspath,testCompileClasspath,testRuntimeClasspath
org.codehaus.groovy:groovy:3.0.9=codenarc
org.codenarc:CodeNarc:3.5.0=codenarc
org.gmetrics:GMetrics:2.1.0=codenarc
org.hamcrest:hamcrest:2.2=testCompileClasspath,testRuntimeClasspath
org.javassist:javassist:3.28.0-GA=runtimeClasspath,testRuntimeClasspath
org.jooq:jooq-codegen:3.21.5=jooqGenerator
org.jooq:jooq-meta:3.21.5=jooqGenerator
org.jooq:jooq:3.21.5=compileClasspath,jooqGenerator,runtimeClasspath,testCompileClasspath,testRuntimeClasspath
org.junit.platform:junit-platform-commons:1.9.0=testCompileClasspath,testRuntimeClasspath
org.junit.platform:junit-platform-engine:1.9.0=testCompileClasspath,testRuntimeClasspath
org.junit.platform:junit-platform-launcher:1.9.0=testRuntimeClasspath
org.junit:junit-bom:5.9.0=testCompileClasspath,testRuntimeClasspath
org.mindrot:jbcrypt:0.4=compileClasspath,runtimeClasspath,testCompileClasspath,testRuntimeClasspath
org.objenesis:objenesis:3.5=testCompileClasspath,testRuntimeClasspath
org.opentest4j:opentest4j:1.2.0=testCompileClasspath,testRuntimeClasspath
org.postgresql:postgresql:42.7.11=jooqGenerator,runtimeClasspath,testRuntimeClasspath
org.reactivestreams:reactive-streams:1.0.3=compileClasspath,jooqGenerator,runtimeClasspath,testCompileClasspath,testRuntimeClasspath
org.slf4j:jcl-over-slf4j:1.7.36=testRuntimeClasspath
org.slf4j:jul-to-slf4j:2.0.16=compileClasspath,runtimeClasspath,testCompileClasspath,testRuntimeClasspath
org.slf4j:slf4j-api:2.0.16=compileClasspath,testCompileClasspath
org.slf4j:slf4j-api:2.0.17=runtimeClasspath,testRuntimeClasspath
org.spockframework:spock-core:2.3-groovy-3.0=testCompileClasspath,testRuntimeClasspath
org.yaml:snakeyaml:1.30=runtimeClasspath,testRuntimeClasspath
empty=annotationProcessor,shadow,testAnnotationProcessor
